
Microsoft Visual Studio Solution File, Format Version 12.00
# Visual Studio Version 17
VisualStudioVersion = 17.14.37012.4
MinimumVisualStudioVersion = 10.0.40219.1
Project("{FAE04EC0-301F-11D3-BF4B-00C04F79EFBC}") = "Student Management System", "Student Management System\Student Management System.csproj", "{5A8BD32B-33E5-4A0D-8C99-16BB1E184C7C}"
EndProject
Project("{FAE04EC0-301F-11D3-BF4B-00C04F79EFBC}") = "StudentMangementSystem_GUI", "StudentMangementSystem_GUI\StudentMangementSystem_GUI.csproj", "{496EF06E-F3B0-49D5-93B9-8A5E22A02A6A}"
EndProject
Project("{FAE04EC0-301F-11D3-BF4B-00C04F79EFBC}") = "Sentiment Analysis", "Sentiment Analysis\Sentiment Analysis.csproj", "{11C225FF-97F0-4914-9EA5-E858CC8335EE}"
EndProject
Global
	GlobalSection(SolutionConfigurationPlatforms) = preSolution
		Debug|Any CPU = Debug|Any CPU
		Release|Any CPU = Release|Any CPU
	EndGlobalSection
	GlobalSection(ProjectConfigurationPlatforms) = postSolution
		{5A8BD32B-33E5-4A0D-8C99-16BB1E184C7C}.Debug|Any CPU.ActiveCfg = Debug|Any CPU
		{5A8BD32B-33E5-4A0D-8C99-16BB1E184C7C}.Debug|Any CPU.Build.0 = Debug|Any CPU
		{5A8BD32B-33E5-4A0D-8C99-16BB1E184C7C}.Release|Any CPU.ActiveCfg = Release|Any CPU
		{5A8BD32B-33E5-4A0D-8C99-16BB1E184C7C}.Release|Any CPU.Build.0 = Release|Any CPU
		{496EF06E-F3B0-49D5-93B9-8A5E22A02A6A}.Debug|Any CPU.ActiveCfg = Debug|Any CPU
		{496EF06E-F3B0-49D5-93B9-8A5E22A02A6A}.Debug|Any CPU.Build.0 = Debug|Any CPU
		{496EF06E-F3B0-49D5-93B9-8A5E22A02A6A}.Release|Any CPU.ActiveCfg = Release|Any CPU
		{496EF06E-F3B0-49D5-93B9-8A5E22A02A6A}.Release|Any CPU.Build.0 = Release|Any CPU
		{11C225FF-97F0-4914-9EA5-E858CC8335EE}.Debug|Any CPU.ActiveCfg = Debug|Any CPU
		{11C225FF-97F0-4914-9EA5-E858CC8335EE}.Debug|Any CPU.Build.0 = Debug|Any CPU
		{11C225FF-97F0-4914-9EA5-E858CC8335EE}.Release|Any CPU.ActiveCfg = Release|Any CPU
		{11C225FF-97F0-4914-9EA5-E858CC8335EE}.Release|Any CPU.Build.0 = Release|Any CPU
	EndGlobalSection
	GlobalSection(SolutionProperties) = preSolution
		HideSolutionNode = FALSE
	EndGlobalSection
	GlobalSection(ExtensibilityGlobals) = postSolution
		SolutionGuid = {F2AE278F-ED57-4FFF-B73D-05C6EAD14E92}
	EndGlobalSection
EndGlobal
